
Microsoft Visual Studio Solution File, Format Version 12.00
# Visual Studio 15
VisualStudioVersion = 15.0.27004.2009
MinimumVisualStudioVersion = 10.0.40219.1
Project("{FAE04EC0-301F-11D3-BF4B-00C04F79EFBC}") = "VsProjectSetupPlugin", "VsProjectSetupPlugin\VsProjectSetupPlugin.csproj", "{26AEDD60-074E-4B1A-8DB9-091A2B67C870}"
EndProject
Project("{FAE04EC0-301F-11D3-BF4B-00C04F79EFBC}") = "UnitTests", "UnitTests\UnitTests.csproj", "{F8A8CEC7-D685-47E4-AF1B-A8B2207E8674}"
EndProject
Global
	GlobalSection(SolutionConfigurationPlatforms) = preSolution
		Debug|Any CPU = Debug|Any CPU
		Release|Any CPU = Release|Any CPU
	EndGlobalSection
	GlobalSection(ProjectConfigurationPlatforms) = postSolution
		{26AEDD60-074E-4B1A-8DB9-091A2B67C870}.Debug|Any CPU.ActiveCfg = Debug|Any CPU
		{26AEDD60-074E-4B1A-8DB9-091A2B67C870}.Debug|Any CPU.Build.0 = Debug|Any CPU
		{26AEDD60-074E-4B1A-8DB9-091A2B67C870}.Release|Any CPU.ActiveCfg = Release|Any CPU
		{26AEDD60-074E-4B1A-8DB9-091A2B67C870}.Release|Any CPU.Build.0 = Release|Any CPU
		{F8A8CEC7-D685-47E4-AF1B-A8B2207E8674}.Debug|Any CPU.ActiveCfg = Debug|Any CPU
		{F8A8CEC7-D685-47E4-AF1B-A8B2207E8674}.Debug|Any CPU.Build.0 = Debug|Any CPU
		{F8A8CEC7-D685-47E4-AF1B-A8B2207E8674}.Release|Any CPU.ActiveCfg = Release|Any CPU
		{F8A8CEC7-D685-47E4-AF1B-A8B2207E8674}.Release|Any CPU.Build.0 = Release|Any CPU
	EndGlobalSection
	GlobalSection(SolutionProperties) = preSolution
		HideSolutionNode = FALSE
	EndGlobalSection
	GlobalSection(ExtensibilityGlobals) = postSolution
		SolutionGuid = {0D0E28B2-DB22-4D13-BB84-7E4349AF4791}
	EndGlobalSection
EndGlobal
