
Microsoft Visual Studio Solution File, Format Version 12.00
# Visual Studio 15
VisualStudioVersion = 15.0.26730.16
MinimumVisualStudioVersion = 10.0.40219.1
Project("{9A19103F-16F7-4668-BE54-9A1E7A4F7556}") = "CoreWarningsAsErrorsAndStyleCop", "CoreWarningsAsErrorsAndStyleCop\CoreWarningsAsErrorsAndStyleCop.csproj", "{23B06DD2-8081-4D16-88F6-A81EDFA956D8}"
EndProject
Project("{9A19103F-16F7-4668-BE54-9A1E7A4F7556}") = "CoreNoWarningsNoStyleCop", "CoreNoWarningsNoStyleCop\CoreNoWarningsNoStyleCop.csproj", "{DB2C9F2B-52AE-4429-AEFB-1D17B74CEA4D}"
EndProject
Project("{FAE04EC0-301F-11D3-BF4B-00C04F79EFBC}") = "OldStyleProject", "OldStyleProject\OldStyleProject.csproj", "{FDCA19E5-5C00-4235-883B-0ACC65722295}"
EndProject
Project("{2150E333-8FDC-42A3-9474-1A3956D46DE8}") = "TesingFolders", "TesingFolders", "{4A1B67C8-9516-4CE1-9241-1C3450B0CD22}"
EndProject
Project("{FAE04EC0-301F-11D3-BF4B-00C04F79EFBC}") = "OldStyleProject2AllErrors", "OldStyleProject2AllErrors\OldStyleProject2AllErrors.csproj", "{BAA70CB1-7613-42A3-83F6-A387BBB2692E}"
EndProject
Project("{2150E333-8FDC-42A3-9474-1A3956D46DE8}") = "EmptyFolder", "EmptyFolder", "{F449F444-CE24-4566-9D47-E6B8FEABD242}"
EndProject
Global
	GlobalSection(SolutionConfigurationPlatforms) = preSolution
		Debug|Any CPU = Debug|Any CPU
		Release|Any CPU = Release|Any CPU
	EndGlobalSection
	GlobalSection(ProjectConfigurationPlatforms) = postSolution
		{23B06DD2-8081-4D16-88F6-A81EDFA956D8}.Debug|Any CPU.ActiveCfg = Debug|Any CPU
		{23B06DD2-8081-4D16-88F6-A81EDFA956D8}.Debug|Any CPU.Build.0 = Debug|Any CPU
		{23B06DD2-8081-4D16-88F6-A81EDFA956D8}.Release|Any CPU.ActiveCfg = Release|Any CPU
		{23B06DD2-8081-4D16-88F6-A81EDFA956D8}.Release|Any CPU.Build.0 = Release|Any CPU
		{DB2C9F2B-52AE-4429-AEFB-1D17B74CEA4D}.Debug|Any CPU.ActiveCfg = Debug|Any CPU
		{DB2C9F2B-52AE-4429-AEFB-1D17B74CEA4D}.Debug|Any CPU.Build.0 = Debug|Any CPU
		{DB2C9F2B-52AE-4429-AEFB-1D17B74CEA4D}.Release|Any CPU.ActiveCfg = Release|Any CPU
		{DB2C9F2B-52AE-4429-AEFB-1D17B74CEA4D}.Release|Any CPU.Build.0 = Release|Any CPU
		{FDCA19E5-5C00-4235-883B-0ACC65722295}.Debug|Any CPU.ActiveCfg = Debug|Any CPU
		{FDCA19E5-5C00-4235-883B-0ACC65722295}.Debug|Any CPU.Build.0 = Debug|Any CPU
		{FDCA19E5-5C00-4235-883B-0ACC65722295}.Release|Any CPU.ActiveCfg = Release|Any CPU
		{FDCA19E5-5C00-4235-883B-0ACC65722295}.Release|Any CPU.Build.0 = Release|Any CPU
		{BAA70CB1-7613-42A3-83F6-A387BBB2692E}.Debug|Any CPU.ActiveCfg = Debug|Any CPU
		{BAA70CB1-7613-42A3-83F6-A387BBB2692E}.Debug|Any CPU.Build.0 = Debug|Any CPU
		{BAA70CB1-7613-42A3-83F6-A387BBB2692E}.Release|Any CPU.ActiveCfg = Release|Any CPU
		{BAA70CB1-7613-42A3-83F6-A387BBB2692E}.Release|Any CPU.Build.0 = Release|Any CPU
	EndGlobalSection
	GlobalSection(SolutionProperties) = preSolution
		HideSolutionNode = FALSE
	EndGlobalSection
	GlobalSection(NestedProjects) = preSolution
		{FDCA19E5-5C00-4235-883B-0ACC65722295} = {4A1B67C8-9516-4CE1-9241-1C3450B0CD22}
		{BAA70CB1-7613-42A3-83F6-A387BBB2692E} = {4A1B67C8-9516-4CE1-9241-1C3450B0CD22}
	EndGlobalSection
	GlobalSection(ExtensibilityGlobals) = postSolution
		SolutionGuid = {6AE035EF-CC33-44DC-AEDC-C0390D526687}
	EndGlobalSection
EndGlobal
